// !$*UTF8*$!
{
  archiveVersion = 1;
  classes = {
  };
  objectVersion = 56;
  objects = {

/* Begin PBXBuildFile section */
    A10000000000000000000001 /* SignalASIModels.swift in Sources */ = {isa = PBXBuildFile; fileRef = A20000000000000000000001 /* SignalASIModels.swift */; };
    A10000000000000000000002 /* SignalASILinkProtocol.swift in Sources */ = {isa = PBXBuildFile; fileRef = A20000000000000000000002 /* SignalASILinkProtocol.swift */; };
    A10000000000000000000003 /* SignalASIStore.swift in Sources */ = {isa = PBXBuildFile; fileRef = A20000000000000000000003 /* SignalASIStore.swift */; };
    A10000000000000000000004 /* SignalASIServices.swift in Sources */ = {isa = PBXBuildFile; fileRef = A20000000000000000000004 /* SignalASIServices.swift */; };
    A10000000000000000000005 /* SignalASIViews.swift in Sources */ = {isa = PBXBuildFile; fileRef = A20000000000000000000005 /* SignalASIViews.swift */; };
    A10000000000000000000006 /* SignalASILinkProtocolTests.swift in Sources */ = {isa = PBXBuildFile; fileRef = A20000000000000000000006 /* SignalASILinkProtocolTests.swift */; };
    A10000000000000000000007 /* SignalASIStoreTests.swift in Sources */ = {isa = PBXBuildFile; fileRef = A20000000000000000000007 /* SignalASIStoreTests.swift */; };
    A10000000000000000000008 /* SignalASILinkReliability.swift in Sources */ = {isa = PBXBuildFile; fileRef = A20000000000000000000010 /* SignalASILinkReliability.swift */; };
    A10000000000000000000009 /* SignalASILinkReliabilityTests.swift in Sources */ = {isa = PBXBuildFile; fileRef = A20000000000000000000011 /* SignalASILinkReliabilityTests.swift */; };
    A10000000000000000000010 /* SignalASIAttachments.swift in Sources */ = {isa = PBXBuildFile; fileRef = A20000000000000000000012 /* SignalASIAttachments.swift */; };
    A10000000000000000000011 /* SignalASIAttachmentTests.swift in Sources */ = {isa = PBXBuildFile; fileRef = A20000000000000000000013 /* SignalASIAttachmentTests.swift */; };
    A10000000000000000000012 /* SignalASIBackup.swift in Sources */ = {isa = PBXBuildFile; fileRef = A20000000000000000000014 /* SignalASIBackup.swift */; };
    A10000000000000000000013 /* SignalASIBackupTests.swift in Sources */ = {isa = PBXBuildFile; fileRef = A20000000000000000000015 /* SignalASIBackupTests.swift */; };
    A10000000000000000000014 /* SignalASIContactExchange.swift in Sources */ = {isa = PBXBuildFile; fileRef = A20000000000000000000016 /* SignalASIContactExchange.swift */; };
    A10000000000000000000015 /* SignalASIContactExchangeTests.swift in Sources */ = {isa = PBXBuildFile; fileRef = A20000000000000000000017 /* SignalASIContactExchangeTests.swift */; };
    A10000000000000000000101 /* SignalASICoreModels.swift in Sources */ = {isa = PBXBuildFile; fileRef = A20000000000000000000101 /* SignalASICoreModels.swift */; };
    A10000000000000000000102 /* AgentNetworkRoutingModels.swift in Sources */ = {isa = PBXBuildFile; fileRef = A20000000000000000000102 /* AgentNetworkRoutingModels.swift */; };
    A10000000000000000000103 /* AgentTeamDelegationModels.swift in Sources */ = {isa = PBXBuildFile; fileRef = A20000000000000000000103 /* AgentTeamDelegationModels.swift */; };
    A10000000000000000000104 /* AgentNativeToolCore.swift in Sources */ = {isa = PBXBuildFile; fileRef = A20000000000000000000104 /* AgentNativeToolCore.swift */; };
    A10000000000000000000105 /* AgentPhoneNativeTools.swift in Sources */ = {isa = PBXBuildFile; fileRef = A20000000000000000000105 /* AgentPhoneNativeTools.swift */; };
    A10000000000000000000106 /* AgentIOSWebMediaNativeTools.swift in Sources */ = {isa = PBXBuildFile; fileRef = A20000000000000000000106 /* AgentIOSWebMediaNativeTools.swift */; };
    A10000000000000000000107 /* AgentIOSDesktopRemoteTools.swift in Sources */ = {isa = PBXBuildFile; fileRef = A20000000000000000000107 /* AgentIOSDesktopRemoteTools.swift */; };
    A10000000000000000000108 /* AgentDesktopControlModels.swift in Sources */ = {isa = PBXBuildFile; fileRef = A20000000000000000000108 /* AgentDesktopControlModels.swift */; };
    A10000000000000000000109 /* AgentIOSRuntimeNativeTools.swift in Sources */ = {isa = PBXBuildFile; fileRef = A20000000000000000000109 /* AgentIOSRuntimeNativeTools.swift */; };
    A10000000000000000000110 /* AgentNativeToolExecutionModels.swift in Sources */ = {isa = PBXBuildFile; fileRef = A20000000000000000000110 /* AgentNativeToolExecutionModels.swift */; };
    A10000000000000000000111 /* AgentObservationModels.swift in Sources */ = {isa = PBXBuildFile; fileRef = A20000000000000000000111 /* AgentObservationModels.swift */; };
    A10000000000000000000112 /* AgentMcpCoreModels.swift in Sources */ = {isa = PBXBuildFile; fileRef = A20000000000000000000112 /* AgentMcpCoreModels.swift */; };
    A10000000000000000000113 /* AgentMcpPackageModels.swift in Sources */ = {isa = PBXBuildFile; fileRef = A20000000000000000000113 /* AgentMcpPackageModels.swift */; };
    A10000000000000000000114 /* AgentMcpSessionModels.swift in Sources */ = {isa = PBXBuildFile; fileRef = A20000000000000000000114 /* AgentMcpSessionModels.swift */; };
    A10000000000000000000115 /* AgentMcpCatalogModels.swift in Sources */ = {isa = PBXBuildFile; fileRef = A20000000000000000000115 /* AgentMcpCatalogModels.swift */; };
    A10000000000000000000116 /* AgentWorkspaceModels.swift in Sources */ = {isa = PBXBuildFile; fileRef = A20000000000000000000116 /* AgentWorkspaceModels.swift */; };
    A10000000000000000000117 /* AgentPlanRunModels.swift in Sources */ = {isa = PBXBuildFile; fileRef = A20000000000000000000117 /* AgentPlanRunModels.swift */; };
    A10000000000000000000118 /* AgentAutomationModels.swift in Sources */ = {isa = PBXBuildFile; fileRef = A20000000000000000000118 /* AgentAutomationModels.swift */; };
    A10000000000000000000119 /* AgentConversationModels.swift in Sources */ = {isa = PBXBuildFile; fileRef = A20000000000000000000119 /* AgentConversationModels.swift */; };
    A10000000000000000000120 /* AgentRuntimePackModels.swift in Sources */ = {isa = PBXBuildFile; fileRef = A20000000000000000000120 /* AgentRuntimePackModels.swift */; };
    A10000000000000000000121 /* AgentFailureResponsePolicyModels.swift in Sources */ = {isa = PBXBuildFile; fileRef = A20000000000000000000121 /* AgentFailureResponsePolicyModels.swift */; };
    A10000000000000000000122 /* AgentPermissionsBudgetModels.swift in Sources */ = {isa = PBXBuildFile; fileRef = A20000000000000000000122 /* AgentPermissionsBudgetModels.swift */; };
    A10000000000000000000123 /* CustomDeviceHomeModels.swift in Sources */ = {isa = PBXBuildFile; fileRef = A20000000000000000000123 /* CustomDeviceHomeModels.swift */; };
    A10000000000000000000124 /* GlobalCapabilityModels.swift in Sources */ = {isa = PBXBuildFile; fileRef = A20000000000000000000124 /* GlobalCapabilityModels.swift */; };
    A10000000000000000000125 /* AgentMemoryModels.swift in Sources */ = {isa = PBXBuildFile; fileRef = A20000000000000000000125 /* AgentMemoryModels.swift */; };
    A10000000000000000000126 /* GlobalMemoryModels.swift in Sources */ = {isa = PBXBuildFile; fileRef = A20000000000000000000126 /* GlobalMemoryModels.swift */; };
    A10000000000000000000127 /* GlobalMemoryContextModels.swift in Sources */ = {isa = PBXBuildFile; fileRef = A20000000000000000000127 /* GlobalMemoryContextModels.swift */; };
    A10000000000000000000128 /* GlobalMemoryEvolutionModels.swift in Sources */ = {isa = PBXBuildFile; fileRef = A20000000000000000000128 /* GlobalMemoryEvolutionModels.swift */; };
    A10000000000000000000129 /* GlobalMemoryAuditModels.swift in Sources */ = {isa = PBXBuildFile; fileRef = A20000000000000000000129 /* GlobalMemoryAuditModels.swift */; };
    A10000000000000000000130 /* GlobalMemoryEvolutionStore.swift in Sources */ = {isa = PBXBuildFile; fileRef = A20000000000000000000130 /* GlobalMemoryEvolutionStore.swift */; };
    A10000000000000000000131 /* LocalModelRuntimePreflightModels.swift in Sources */ = {isa = PBXBuildFile; fileRef = A20000000000000000000131 /* LocalModelRuntimePreflightModels.swift */; };
    A10000000000000000000132 /* LocalModelAcceleratorCapabilities.swift in Sources */ = {isa = PBXBuildFile; fileRef = A20000000000000000000132 /* LocalModelAcceleratorCapabilities.swift */; };
    A10000000000000000000133 /* VoiceProviderCapabilityModels.swift in Sources */ = {isa = PBXBuildFile; fileRef = A20000000000000000000133 /* VoiceProviderCapabilityModels.swift */; };
    A10000000000000000000134 /* AgentControlPlaneModels.swift in Sources */ = {isa = PBXBuildFile; fileRef = A20000000000000000000134 /* AgentControlPlaneModels.swift */; };
    A10000000000000000000135 /* AgentControlPlaneAdapterModels.swift in Sources */ = {isa = PBXBuildFile; fileRef = A20000000000000000000135 /* AgentControlPlaneAdapterModels.swift */; };
    A10000000000000000000136 /* AgentControlPlaneActionExecutorModels.swift in Sources */ = {isa = PBXBuildFile; fileRef = A20000000000000000000136 /* AgentControlPlaneActionExecutorModels.swift */; };
    A10000000000000000000137 /* AgentMediaNetworkPolicyModels.swift in Sources */ = {isa = PBXBuildFile; fileRef = A20000000000000000000137 /* AgentMediaNetworkPolicyModels.swift */; };
    A10000000000000000000138 /* VoiceRealtimeHealthModels.swift in Sources */ = {isa = PBXBuildFile; fileRef = A20000000000000000000138 /* VoiceRealtimeHealthModels.swift */; };
    A10000000000000000000139 /* AgentDeviceProfileModels.swift in Sources */ = {isa = PBXBuildFile; fileRef = A20000000000000000000139 /* AgentDeviceProfileModels.swift */; };
    A10000000000000000000140 /* AgentRuntimeProjectWorkspaceModels.swift in Sources */ = {isa = PBXBuildFile; fileRef = A20000000000000000000140 /* AgentRuntimeProjectWorkspaceModels.swift */; };
    A10000000000000000000141 /* AgentRichContentModels.swift in Sources */ = {isa = PBXBuildFile; fileRef = A20000000000000000000141 /* AgentRichContentModels.swift */; };
    A10000000000000000000142 /* AgentDesktopArtifactModels.swift in Sources */ = {isa = PBXBuildFile; fileRef = A20000000000000000000142 /* AgentDesktopArtifactModels.swift */; };
    A10000000000000000000143 /* AgentDesktopArtifactActionModels.swift in Sources */ = {isa = PBXBuildFile; fileRef = A20000000000000000000143 /* AgentDesktopArtifactActionModels.swift */; };
    A10000000000000000000144 /* AgentRuntimeArtifactUiModels.swift in Sources */ = {isa = PBXBuildFile; fileRef = A20000000000000000000144 /* AgentRuntimeArtifactUiModels.swift */; };
    A10000000000000000000145 /* AgentSkillLifecycleModels.swift in Sources */ = {isa = PBXBuildFile; fileRef = A20000000000000000000145 /* AgentSkillLifecycleModels.swift */; };
    A10000000000000000000146 /* AgentSkillExecutionModels.swift in Sources */ = {isa = PBXBuildFile; fileRef = A20000000000000000000146 /* AgentSkillExecutionModels.swift */; };
    A10000000000000000000147 /* AgentSkillPackageInstallerModels.swift in Sources */ = {isa = PBXBuildFile; fileRef = A20000000000000000000147 /* AgentSkillPackageInstallerModels.swift */; };
    A10000000000000000000201 /* AgentMcpMarketplaceTests.swift in Sources */ = {isa = PBXBuildFile; fileRef = A20000000000000000000201 /* AgentMcpMarketplaceTests.swift */; };
    A10000000000000000000202 /* AgentRoutingCapabilityTests.swift in Sources */ = {isa = PBXBuildFile; fileRef = A20000000000000000000202 /* AgentRoutingCapabilityTests.swift */; };
    A10000000000000000000203 /* AgentIOSNativeToolTests.swift in Sources */ = {isa = PBXBuildFile; fileRef = A20000000000000000000203 /* AgentIOSNativeToolTests.swift */; };
    A10000000000000000000204 /* AgentWorkspacePlanTests.swift in Sources */ = {isa = PBXBuildFile; fileRef = A20000000000000000000204 /* AgentWorkspacePlanTests.swift */; };
    A10000000000000000000205 /* AgentTeamDelegationTests.swift in Sources */ = {isa = PBXBuildFile; fileRef = A20000000000000000000205 /* AgentTeamDelegationTests.swift */; };
    A10000000000000000000206 /* AgentRunPolicyTests.swift in Sources */ = {isa = PBXBuildFile; fileRef = A20000000000000000000206 /* AgentRunPolicyTests.swift */; };
    A10000000000000000000207 /* AgentConversationRuntimeTests.swift in Sources */ = {isa = PBXBuildFile; fileRef = A20000000000000000000207 /* AgentConversationRuntimeTests.swift */; };
    A10000000000000000000208 /* AgentMemoryTests.swift in Sources */ = {isa = PBXBuildFile; fileRef = A20000000000000000000208 /* AgentMemoryTests.swift */; };
    A10000000000000000000209 /* GlobalMemoryTests.swift in Sources */ = {isa = PBXBuildFile; fileRef = A20000000000000000000209 /* GlobalMemoryTests.swift */; };
    A10000000000000000000210 /* GlobalMemoryContextTests.swift in Sources */ = {isa = PBXBuildFile; fileRef = A20000000000000000000210 /* GlobalMemoryContextTests.swift */; };
    A10000000000000000000211 /* GlobalMemoryEvolutionTests.swift in Sources */ = {isa = PBXBuildFile; fileRef = A20000000000000000000211 /* GlobalMemoryEvolutionTests.swift */; };
    A10000000000000000000212 /* GlobalMemoryAuditTests.swift in Sources */ = {isa = PBXBuildFile; fileRef = A20000000000000000000212 /* GlobalMemoryAuditTests.swift */; };
    A10000000000000000000213 /* GlobalMemoryEvolutionStoreTests.swift in Sources */ = {isa = PBXBuildFile; fileRef = A20000000000000000000213 /* GlobalMemoryEvolutionStoreTests.swift */; };
    A10000000000000000000214 /* LocalModelRuntimePreflightTests.swift in Sources */ = {isa = PBXBuildFile; fileRef = A20000000000000000000214 /* LocalModelRuntimePreflightTests.swift */; };
    A10000000000000000000215 /* LocalModelAcceleratorCapabilityTests.swift in Sources */ = {isa = PBXBuildFile; fileRef = A20000000000000000000215 /* LocalModelAcceleratorCapabilityTests.swift */; };
    A10000000000000000000216 /* VoiceProviderCapabilityTests.swift in Sources */ = {isa = PBXBuildFile; fileRef = A20000000000000000000216 /* VoiceProviderCapabilityTests.swift */; };
    A10000000000000000000217 /* AgentControlPlaneTests.swift in Sources */ = {isa = PBXBuildFile; fileRef = A20000000000000000000217 /* AgentControlPlaneTests.swift */; };
    A10000000000000000000218 /* AgentControlPlaneAdapterTests.swift in Sources */ = {isa = PBXBuildFile; fileRef = A20000000000000000000218 /* AgentControlPlaneAdapterTests.swift */; };
    A10000000000000000000219 /* AgentControlPlaneActionExecutorTests.swift in Sources */ = {isa = PBXBuildFile; fileRef = A20000000000000000000219 /* AgentControlPlaneActionExecutorTests.swift */; };
    A10000000000000000000220 /* AgentMediaNetworkPolicyTests.swift in Sources */ = {isa = PBXBuildFile; fileRef = A20000000000000000000220 /* AgentMediaNetworkPolicyTests.swift */; };
    A10000000000000000000221 /* VoiceRealtimeHealthTests.swift in Sources */ = {isa = PBXBuildFile; fileRef = A20000000000000000000221 /* VoiceRealtimeHealthTests.swift */; };
    A10000000000000000000222 /* AgentDeviceProfileTests.swift in Sources */ = {isa = PBXBuildFile; fileRef = A20000000000000000000222 /* AgentDeviceProfileTests.swift */; };
    A10000000000000000000223 /* AgentRuntimeProjectWorkspaceTests.swift in Sources */ = {isa = PBXBuildFile; fileRef = A20000000000000000000223 /* AgentRuntimeProjectWorkspaceTests.swift */; };
    A10000000000000000000224 /* AgentDesktopArtifactHandoffTests.swift in Sources */ = {isa = PBXBuildFile; fileRef = A20000000000000000000224 /* AgentDesktopArtifactHandoffTests.swift */; };
    A10000000000000000000225 /* AgentSkillLifecycleTests.swift in Sources */ = {isa = PBXBuildFile; fileRef = A20000000000000000000225 /* AgentSkillLifecycleTests.swift */; };
    A10000000000000000000226 /* AgentSkillExecutionTests.swift in Sources */ = {isa = PBXBuildFile; fileRef = A20000000000000000000226 /* AgentSkillExecutionTests.swift */; };
    A10000000000000000000227 /* AgentSkillPackageInstallerTests.swift in Sources */ = {isa = PBXBuildFile; fileRef = A20000000000000000000227 /* AgentSkillPackageInstallerTests.swift */; };
/* End PBXBuildFile section */

/* Begin PBXFileReference section */
    A20000000000000000000001 /* SignalASIModels.swift */ = {isa = PBXFileReference; lastKnownFileType = sourcecode.swift; path = SignalASIModels.swift; sourceTree = "<group>"; };
    A20000000000000000000002 /* SignalASILinkProtocol.swift */ = {isa = PBXFileReference; lastKnownFileType = sourcecode.swift; path = SignalASILinkProtocol.swift; sourceTree = "<group>"; };
    A20000000000000000000003 /* SignalASIStore.swift */ = {isa = PBXFileReference; lastKnownFileType = sourcecode.swift; path = SignalASIStore.swift; sourceTree = "<group>"; };
    A20000000000000000000004 /* SignalASIServices.swift */ = {isa = PBXFileReference; lastKnownFileType = sourcecode.swift; path = SignalASIServices.swift; sourceTree = "<group>"; };
    A20000000000000000000005 /* SignalASIViews.swift */ = {isa = PBXFileReference; lastKnownFileType = sourcecode.swift; path = SignalASIViews.swift; sourceTree = "<group>"; };
    A20000000000000000000006 /* SignalASILinkProtocolTests.swift */ = {isa = PBXFileReference; lastKnownFileType = sourcecode.swift; path = SignalASILinkProtocolTests.swift; sourceTree = "<group>"; };
    A20000000000000000000007 /* SignalASIStoreTests.swift */ = {isa = PBXFileReference; lastKnownFileType = sourcecode.swift; path = SignalASIStoreTests.swift; sourceTree = "<group>"; };
    A20000000000000000000008 /* SignalASI.app */ = {isa = PBXFileReference; explicitFileType = wrapper.application; includeInIndex = 0; path = SignalASI.app; sourceTree = BUILT_PRODUCTS_DIR; };
    A20000000000000000000009 /* SignalASITests.xctest */ = {isa = PBXFileReference; explicitFileType = wrapper.cfbundle; includeInIndex = 0; path = SignalASITests.xctest; sourceTree = BUILT_PRODUCTS_DIR; };
    A20000000000000000000010 /* SignalASILinkReliability.swift */ = {isa = PBXFileReference; lastKnownFileType = sourcecode.swift; path = SignalASILinkReliability.swift; sourceTree = "<group>"; };
    A20000000000000000000011 /* SignalASILinkReliabilityTests.swift */ = {isa = PBXFileReference; lastKnownFileType = sourcecode.swift; path = SignalASILinkReliabilityTests.swift; sourceTree = "<group>"; };
    A20000000000000000000012 /* SignalASIAttachments.swift */ = {isa = PBXFileReference; lastKnownFileType = sourcecode.swift; path = SignalASIAttachments.swift; sourceTree = "<group>"; };
    A20000000000000000000013 /* SignalASIAttachmentTests.swift */ = {isa = PBXFileReference; lastKnownFileType = sourcecode.swift; path = SignalASIAttachmentTests.swift; sourceTree = "<group>"; };
    A20000000000000000000014 /* SignalASIBackup.swift */ = {isa = PBXFileReference; lastKnownFileType = sourcecode.swift; path = SignalASIBackup.swift; sourceTree = "<group>"; };
    A20000000000000000000015 /* SignalASIBackupTests.swift */ = {isa = PBXFileReference; lastKnownFileType = sourcecode.swift; path = SignalASIBackupTests.swift; sourceTree = "<group>"; };
    A20000000000000000000016 /* SignalASIContactExchange.swift */ = {isa = PBXFileReference; lastKnownFileType = sourcecode.swift; path = SignalASIContactExchange.swift; sourceTree = "<group>"; };
    A20000000000000000000017 /* SignalASIContactExchangeTests.swift */ = {isa = PBXFileReference; lastKnownFileType = sourcecode.swift; path = SignalASIContactExchangeTests.swift; sourceTree = "<group>"; };
    A20000000000000000000101 /* SignalASICoreModels.swift */ = {isa = PBXFileReference; lastKnownFileType = sourcecode.swift; path = SignalASICoreModels.swift; sourceTree = "<group>"; };
    A20000000000000000000102 /* AgentNetworkRoutingModels.swift */ = {isa = PBXFileReference; lastKnownFileType = sourcecode.swift; path = AgentNetworkRoutingModels.swift; sourceTree = "<group>"; };
    A20000000000000000000103 /* AgentTeamDelegationModels.swift */ = {isa = PBXFileReference; lastKnownFileType = sourcecode.swift; path = AgentTeamDelegationModels.swift; sourceTree = "<group>"; };
    A20000000000000000000104 /* AgentNativeToolCore.swift */ = {isa = PBXFileReference; lastKnownFileType = sourcecode.swift; path = AgentNativeToolCore.swift; sourceTree = "<group>"; };
    A20000000000000000000105 /* AgentPhoneNativeTools.swift */ = {isa = PBXFileReference; lastKnownFileType = sourcecode.swift; path = AgentPhoneNativeTools.swift; sourceTree = "<group>"; };
    A20000000000000000000106 /* AgentIOSWebMediaNativeTools.swift */ = {isa = PBXFileReference; lastKnownFileType = sourcecode.swift; path = AgentIOSWebMediaNativeTools.swift; sourceTree = "<group>"; };
    A20000000000000000000107 /* AgentIOSDesktopRemoteTools.swift */ = {isa = PBXFileReference; lastKnownFileType = sourcecode.swift; path = AgentIOSDesktopRemoteTools.swift; sourceTree = "<group>"; };
    A20000000000000000000108 /* AgentDesktopControlModels.swift */ = {isa = PBXFileReference; lastKnownFileType = sourcecode.swift; path = AgentDesktopControlModels.swift; sourceTree = "<group>"; };
    A20000000000000000000109 /* AgentIOSRuntimeNativeTools.swift */ = {isa = PBXFileReference; lastKnownFileType = sourcecode.swift; path = AgentIOSRuntimeNativeTools.swift; sourceTree = "<group>"; };
    A20000000000000000000110 /* AgentNativeToolExecutionModels.swift */ = {isa = PBXFileReference; lastKnownFileType = sourcecode.swift; path = AgentNativeToolExecutionModels.swift; sourceTree = "<group>"; };
    A20000000000000000000111 /* AgentObservationModels.swift */ = {isa = PBXFileReference; lastKnownFileType = sourcecode.swift; path = AgentObservationModels.swift; sourceTree = "<group>"; };
    A20000000000000000000112 /* AgentMcpCoreModels.swift */ = {isa = PBXFileReference; lastKnownFileType = sourcecode.swift; path = AgentMcpCoreModels.swift; sourceTree = "<group>"; };
    A20000000000000000000113 /* AgentMcpPackageModels.swift */ = {isa = PBXFileReference; lastKnownFileType = sourcecode.swift; path = AgentMcpPackageModels.swift; sourceTree = "<group>"; };
    A20000000000000000000114 /* AgentMcpSessionModels.swift */ = {isa = PBXFileReference; lastKnownFileType = sourcecode.swift; path = AgentMcpSessionModels.swift; sourceTree = "<group>"; };
    A20000000000000000000115 /* AgentMcpCatalogModels.swift */ = {isa = PBXFileReference; lastKnownFileType = sourcecode.swift; path = AgentMcpCatalogModels.swift; sourceTree = "<group>"; };
    A20000000000000000000116 /* AgentWorkspaceModels.swift */ = {isa = PBXFileReference; lastKnownFileType = sourcecode.swift; path = AgentWorkspaceModels.swift; sourceTree = "<group>"; };
    A20000000000000000000117 /* AgentPlanRunModels.swift */ = {isa = PBXFileReference; lastKnownFileType = sourcecode.swift; path = AgentPlanRunModels.swift; sourceTree = "<group>"; };
    A20000000000000000000118 /* AgentAutomationModels.swift */ = {isa = PBXFileReference; lastKnownFileType = sourcecode.swift; path = AgentAutomationModels.swift; sourceTree = "<group>"; };
    A20000000000000000000119 /* AgentConversationModels.swift */ = {isa = PBXFileReference; lastKnownFileType = sourcecode.swift; path = AgentConversationModels.swift; sourceTree = "<group>"; };
    A20000000000000000000120 /* AgentRuntimePackModels.swift */ = {isa = PBXFileReference; lastKnownFileType = sourcecode.swift; path = AgentRuntimePackModels.swift; sourceTree = "<group>"; };
    A20000000000000000000121 /* AgentFailureResponsePolicyModels.swift */ = {isa = PBXFileReference; lastKnownFileType = sourcecode.swift; path = AgentFailureResponsePolicyModels.swift; sourceTree = "<group>"; };
    A20000000000000000000122 /* AgentPermissionsBudgetModels.swift */ = {isa = PBXFileReference; lastKnownFileType = sourcecode.swift; path = AgentPermissionsBudgetModels.swift; sourceTree = "<group>"; };
    A20000000000000000000123 /* CustomDeviceHomeModels.swift */ = {isa = PBXFileReference; lastKnownFileType = sourcecode.swift; path = CustomDeviceHomeModels.swift; sourceTree = "<group>"; };
    A20000000000000000000124 /* GlobalCapabilityModels.swift */ = {isa = PBXFileReference; lastKnownFileType = sourcecode.swift; path = GlobalCapabilityModels.swift; sourceTree = "<group>"; };
    A20000000000000000000125 /* AgentMemoryModels.swift */ = {isa = PBXFileReference; lastKnownFileType = sourcecode.swift; path = AgentMemoryModels.swift; sourceTree = "<group>"; };
    A20000000000000000000126 /* GlobalMemoryModels.swift */ = {isa = PBXFileReference; lastKnownFileType = sourcecode.swift; path = GlobalMemoryModels.swift; sourceTree = "<group>"; };
    A20000000000000000000127 /* GlobalMemoryContextModels.swift */ = {isa = PBXFileReference; lastKnownFileType = sourcecode.swift; path = GlobalMemoryContextModels.swift; sourceTree = "<group>"; };
    A20000000000000000000128 /* GlobalMemoryEvolutionModels.swift */ = {isa = PBXFileReference; lastKnownFileType = sourcecode.swift; path = GlobalMemoryEvolutionModels.swift; sourceTree = "<group>"; };
    A20000000000000000000129 /* GlobalMemoryAuditModels.swift */ = {isa = PBXFileReference; lastKnownFileType = sourcecode.swift; path = GlobalMemoryAuditModels.swift; sourceTree = "<group>"; };
    A20000000000000000000130 /* GlobalMemoryEvolutionStore.swift */ = {isa = PBXFileReference; lastKnownFileType = sourcecode.swift; path = GlobalMemoryEvolutionStore.swift; sourceTree = "<group>"; };
    A20000000000000000000131 /* LocalModelRuntimePreflightModels.swift */ = {isa = PBXFileReference; lastKnownFileType = sourcecode.swift; path = LocalModelRuntimePreflightModels.swift; sourceTree = "<group>"; };
    A20000000000000000000132 /* LocalModelAcceleratorCapabilities.swift */ = {isa = PBXFileReference; lastKnownFileType = sourcecode.swift; path = LocalModelAcceleratorCapabilities.swift; sourceTree = "<group>"; };
    A20000000000000000000133 /* VoiceProviderCapabilityModels.swift */ = {isa = PBXFileReference; lastKnownFileType = sourcecode.swift; path = VoiceProviderCapabilityModels.swift; sourceTree = "<group>"; };
    A20000000000000000000134 /* AgentControlPlaneModels.swift */ = {isa = PBXFileReference; lastKnownFileType = sourcecode.swift; path = AgentControlPlaneModels.swift; sourceTree = "<group>"; };
    A20000000000000000000135 /* AgentControlPlaneAdapterModels.swift */ = {isa = PBXFileReference; lastKnownFileType = sourcecode.swift; path = AgentControlPlaneAdapterModels.swift; sourceTree = "<group>"; };
    A20000000000000000000136 /* AgentControlPlaneActionExecutorModels.swift */ = {isa = PBXFileReference; lastKnownFileType = sourcecode.swift; path = AgentControlPlaneActionExecutorModels.swift; sourceTree = "<group>"; };
    A20000000000000000000137 /* AgentMediaNetworkPolicyModels.swift */ = {isa = PBXFileReference; lastKnownFileType = sourcecode.swift; path = AgentMediaNetworkPolicyModels.swift; sourceTree = "<group>"; };
    A20000000000000000000138 /* VoiceRealtimeHealthModels.swift */ = {isa = PBXFileReference; lastKnownFileType = sourcecode.swift; path = VoiceRealtimeHealthModels.swift; sourceTree = "<group>"; };
    A20000000000000000000139 /* AgentDeviceProfileModels.swift */ = {isa = PBXFileReference; lastKnownFileType = sourcecode.swift; path = AgentDeviceProfileModels.swift; sourceTree = "<group>"; };
    A20000000000000000000140 /* AgentRuntimeProjectWorkspaceModels.swift */ = {isa = PBXFileReference; lastKnownFileType = sourcecode.swift; path = AgentRuntimeProjectWorkspaceModels.swift; sourceTree = "<group>"; };
    A20000000000000000000141 /* AgentRichContentModels.swift */ = {isa = PBXFileReference; lastKnownFileType = sourcecode.swift; path = AgentRichContentModels.swift; sourceTree = "<group>"; };
    A20000000000000000000142 /* AgentDesktopArtifactModels.swift */ = {isa = PBXFileReference; lastKnownFileType = sourcecode.swift; path = AgentDesktopArtifactModels.swift; sourceTree = "<group>"; };
    A20000000000000000000143 /* AgentDesktopArtifactActionModels.swift */ = {isa = PBXFileReference; lastKnownFileType = sourcecode.swift; path = AgentDesktopArtifactActionModels.swift; sourceTree = "<group>"; };
    A20000000000000000000144 /* AgentRuntimeArtifactUiModels.swift */ = {isa = PBXFileReference; lastKnownFileType = sourcecode.swift; path = AgentRuntimeArtifactUiModels.swift; sourceTree = "<group>"; };
    A20000000000000000000145 /* AgentSkillLifecycleModels.swift */ = {isa = PBXFileReference; lastKnownFileType = sourcecode.swift; path = AgentSkillLifecycleModels.swift; sourceTree = "<group>"; };
    A20000000000000000000146 /* AgentSkillExecutionModels.swift */ = {isa = PBXFileReference; lastKnownFileType = sourcecode.swift; path = AgentSkillExecutionModels.swift; sourceTree = "<group>"; };
    A20000000000000000000147 /* AgentSkillPackageInstallerModels.swift */ = {isa = PBXFileReference; lastKnownFileType = sourcecode.swift; path = AgentSkillPackageInstallerModels.swift; sourceTree = "<group>"; };
    A20000000000000000000201 /* AgentMcpMarketplaceTests.swift */ = {isa = PBXFileReference; lastKnownFileType = sourcecode.swift; path = AgentMcpMarketplaceTests.swift; sourceTree = "<group>"; };
    A20000000000000000000202 /* AgentRoutingCapabilityTests.swift */ = {isa = PBXFileReference; lastKnownFileType = sourcecode.swift; path = AgentRoutingCapabilityTests.swift; sourceTree = "<group>"; };
    A20000000000000000000203 /* AgentIOSNativeToolTests.swift */ = {isa = PBXFileReference; lastKnownFileType = sourcecode.swift; path = AgentIOSNativeToolTests.swift; sourceTree = "<group>"; };
    A20000000000000000000204 /* AgentWorkspacePlanTests.swift */ = {isa = PBXFileReference; lastKnownFileType = sourcecode.swift; path = AgentWorkspacePlanTests.swift; sourceTree = "<group>"; };
    A20000000000000000000205 /* AgentTeamDelegationTests.swift */ = {isa = PBXFileReference; lastKnownFileType = sourcecode.swift; path = AgentTeamDelegationTests.swift; sourceTree = "<group>"; };
    A20000000000000000000206 /* AgentRunPolicyTests.swift */ = {isa = PBXFileReference; lastKnownFileType = sourcecode.swift; path = AgentRunPolicyTests.swift; sourceTree = "<group>"; };
    A20000000000000000000207 /* AgentConversationRuntimeTests.swift */ = {isa = PBXFileReference; lastKnownFileType = sourcecode.swift; path = AgentConversationRuntimeTests.swift; sourceTree = "<group>"; };
    A20000000000000000000208 /* AgentMemoryTests.swift */ = {isa = PBXFileReference; lastKnownFileType = sourcecode.swift; path = AgentMemoryTests.swift; sourceTree = "<group>"; };
    A20000000000000000000209 /* GlobalMemoryTests.swift */ = {isa = PBXFileReference; lastKnownFileType = sourcecode.swift; path = GlobalMemoryTests.swift; sourceTree = "<group>"; };
    A20000000000000000000210 /* GlobalMemoryContextTests.swift */ = {isa = PBXFileReference; lastKnownFileType = sourcecode.swift; path = GlobalMemoryContextTests.swift; sourceTree = "<group>"; };
    A20000000000000000000211 /* GlobalMemoryEvolutionTests.swift */ = {isa = PBXFileReference; lastKnownFileType = sourcecode.swift; path = GlobalMemoryEvolutionTests.swift; sourceTree = "<group>"; };
    A20000000000000000000212 /* GlobalMemoryAuditTests.swift */ = {isa = PBXFileReference; lastKnownFileType = sourcecode.swift; path = GlobalMemoryAuditTests.swift; sourceTree = "<group>"; };
    A20000000000000000000213 /* GlobalMemoryEvolutionStoreTests.swift */ = {isa = PBXFileReference; lastKnownFileType = sourcecode.swift; path = GlobalMemoryEvolutionStoreTests.swift; sourceTree = "<group>"; };
    A20000000000000000000214 /* LocalModelRuntimePreflightTests.swift */ = {isa = PBXFileReference; lastKnownFileType = sourcecode.swift; path = LocalModelRuntimePreflightTests.swift; sourceTree = "<group>"; };
    A20000000000000000000215 /* LocalModelAcceleratorCapabilityTests.swift */ = {isa = PBXFileReference; lastKnownFileType = sourcecode.swift; path = LocalModelAcceleratorCapabilityTests.swift; sourceTree = "<group>"; };
    A20000000000000000000216 /* VoiceProviderCapabilityTests.swift */ = {isa = PBXFileReference; lastKnownFileType = sourcecode.swift; path = VoiceProviderCapabilityTests.swift; sourceTree = "<group>"; };
    A20000000000000000000217 /* AgentControlPlaneTests.swift */ = {isa = PBXFileReference; lastKnownFileType = sourcecode.swift; path = AgentControlPlaneTests.swift; sourceTree = "<group>"; };
    A20000000000000000000218 /* AgentControlPlaneAdapterTests.swift */ = {isa = PBXFileReference; lastKnownFileType = sourcecode.swift; path = AgentControlPlaneAdapterTests.swift; sourceTree = "<group>"; };
    A20000000000000000000219 /* AgentControlPlaneActionExecutorTests.swift */ = {isa = PBXFileReference; lastKnownFileType = sourcecode.swift; path = AgentControlPlaneActionExecutorTests.swift; sourceTree = "<group>"; };
    A20000000000000000000220 /* AgentMediaNetworkPolicyTests.swift */ = {isa = PBXFileReference; lastKnownFileType = sourcecode.swift; path = AgentMediaNetworkPolicyTests.swift; sourceTree = "<group>"; };
    A20000000000000000000221 /* VoiceRealtimeHealthTests.swift */ = {isa = PBXFileReference; lastKnownFileType = sourcecode.swift; path = VoiceRealtimeHealthTests.swift; sourceTree = "<group>"; };
    A20000000000000000000222 /* AgentDeviceProfileTests.swift */ = {isa = PBXFileReference; lastKnownFileType = sourcecode.swift; path = AgentDeviceProfileTests.swift; sourceTree = "<group>"; };
    A20000000000000000000223 /* AgentRuntimeProjectWorkspaceTests.swift */ = {isa = PBXFileReference; lastKnownFileType = sourcecode.swift; path = AgentRuntimeProjectWorkspaceTests.swift; sourceTree = "<group>"; };
    A20000000000000000000224 /* AgentDesktopArtifactHandoffTests.swift */ = {isa = PBXFileReference; lastKnownFileType = sourcecode.swift; path = AgentDesktopArtifactHandoffTests.swift; sourceTree = "<group>"; };
    A20000000000000000000225 /* AgentSkillLifecycleTests.swift */ = {isa = PBXFileReference; lastKnownFileType = sourcecode.swift; path = AgentSkillLifecycleTests.swift; sourceTree = "<group>"; };
    A20000000000000000000226 /* AgentSkillExecutionTests.swift */ = {isa = PBXFileReference; lastKnownFileType = sourcecode.swift; path = AgentSkillExecutionTests.swift; sourceTree = "<group>"; };
    A20000000000000000000227 /* AgentSkillPackageInstallerTests.swift */ = {isa = PBXFileReference; lastKnownFileType = sourcecode.swift; path = AgentSkillPackageInstallerTests.swift; sourceTree = "<group>"; };
/* End PBXFileReference section */

/* Begin PBXFrameworksBuildPhase section */
    A30000000000000000000001 /* Frameworks */ = {isa = PBXFrameworksBuildPhase; buildActionMask = 2147483647; files = (); runOnlyForDeploymentPostprocessing = 0; };
    A30000000000000000000002 /* Frameworks */ = {isa = PBXFrameworksBuildPhase; buildActionMask = 2147483647; files = (); runOnlyForDeploymentPostprocessing = 0; };
/* End PBXFrameworksBuildPhase section */

/* Begin PBXGroup section */
    A40000000000000000000001 = {
      isa = PBXGroup;
      children = (
        A40000000000000000000002 /* SignalASI */,
        A40000000000000000000003 /* SignalASITests */,
        A40000000000000000000004 /* Products */,
      );
      sourceTree = "<group>";
    };
    A40000000000000000000002 /* SignalASI */ = {
      isa = PBXGroup;
      children = (
        A20000000000000000000001 /* SignalASIModels.swift */,
        A20000000000000000000101 /* SignalASICoreModels.swift */,
        A20000000000000000000102 /* AgentNetworkRoutingModels.swift */,
        A20000000000000000000103 /* AgentTeamDelegationModels.swift */,
        A20000000000000000000104 /* AgentNativeToolCore.swift */,
        A20000000000000000000105 /* AgentPhoneNativeTools.swift */,
        A20000000000000000000106 /* AgentIOSWebMediaNativeTools.swift */,
        A20000000000000000000107 /* AgentIOSDesktopRemoteTools.swift */,
        A20000000000000000000108 /* AgentDesktopControlModels.swift */,
        A20000000000000000000109 /* AgentIOSRuntimeNativeTools.swift */,
        A20000000000000000000110 /* AgentNativeToolExecutionModels.swift */,
        A20000000000000000000111 /* AgentObservationModels.swift */,
        A20000000000000000000112 /* AgentMcpCoreModels.swift */,
        A20000000000000000000113 /* AgentMcpPackageModels.swift */,
        A20000000000000000000114 /* AgentMcpSessionModels.swift */,
        A20000000000000000000115 /* AgentMcpCatalogModels.swift */,
        A20000000000000000000116 /* AgentWorkspaceModels.swift */,
        A20000000000000000000117 /* AgentPlanRunModels.swift */,
        A20000000000000000000118 /* AgentAutomationModels.swift */,
        A20000000000000000000119 /* AgentConversationModels.swift */,
        A20000000000000000000120 /* AgentRuntimePackModels.swift */,
        A20000000000000000000121 /* AgentFailureResponsePolicyModels.swift */,
        A20000000000000000000122 /* AgentPermissionsBudgetModels.swift */,
        A20000000000000000000123 /* CustomDeviceHomeModels.swift */,
        A20000000000000000000124 /* GlobalCapabilityModels.swift */,
        A20000000000000000000125 /* AgentMemoryModels.swift */,
        A20000000000000000000126 /* GlobalMemoryModels.swift */,
        A20000000000000000000127 /* GlobalMemoryContextModels.swift */,
        A20000000000000000000128 /* GlobalMemoryEvolutionModels.swift */,
        A20000000000000000000129 /* GlobalMemoryAuditModels.swift */,
        A20000000000000000000130 /* GlobalMemoryEvolutionStore.swift */,
        A20000000000000000000131 /* LocalModelRuntimePreflightModels.swift */,
        A20000000000000000000132 /* LocalModelAcceleratorCapabilities.swift */,
        A20000000000000000000133 /* VoiceProviderCapabilityModels.swift */,
        A20000000000000000000134 /* AgentControlPlaneModels.swift */,
        A20000000000000000000135 /* AgentControlPlaneAdapterModels.swift */,
        A20000000000000000000136 /* AgentControlPlaneActionExecutorModels.swift */,
        A20000000000000000000137 /* AgentMediaNetworkPolicyModels.swift */,
        A20000000000000000000138 /* VoiceRealtimeHealthModels.swift */,
        A20000000000000000000139 /* AgentDeviceProfileModels.swift */,
        A20000000000000000000140 /* AgentRuntimeProjectWorkspaceModels.swift */,
        A20000000000000000000141 /* AgentRichContentModels.swift */,
        A20000000000000000000142 /* AgentDesktopArtifactModels.swift */,
        A20000000000000000000143 /* AgentDesktopArtifactActionModels.swift */,
        A20000000000000000000144 /* AgentRuntimeArtifactUiModels.swift */,
        A20000000000000000000145 /* AgentSkillLifecycleModels.swift */,
        A20000000000000000000146 /* AgentSkillExecutionModels.swift */,
        A20000000000000000000147 /* AgentSkillPackageInstallerModels.swift */,
        A20000000000000000000016 /* SignalASIContactExchange.swift */,
        A20000000000000000000012 /* SignalASIAttachments.swift */,
        A20000000000000000000002 /* SignalASILinkProtocol.swift */,
        A20000000000000000000010 /* SignalASILinkReliability.swift */,
        A20000000000000000000014 /* SignalASIBackup.swift */,
        A20000000000000000000003 /* SignalASIStore.swift */,
        A20000000000000000000004 /* SignalASIServices.swift */,
        A20000000000000000000005 /* SignalASIViews.swift */,
      );
      path = SignalASI;
      sourceTree = "<group>";
    };
    A40000000000000000000003 /* SignalASITests */ = {
      isa = PBXGroup;
      children = (
        A20000000000000000000013 /* SignalASIAttachmentTests.swift */,
        A20000000000000000000017 /* SignalASIContactExchangeTests.swift */,
        A20000000000000000000006 /* SignalASILinkProtocolTests.swift */,
        A20000000000000000000011 /* SignalASILinkReliabilityTests.swift */,
        A20000000000000000000015 /* SignalASIBackupTests.swift */,
        A20000000000000000000007 /* SignalASIStoreTests.swift */,
        A20000000000000000000201 /* AgentMcpMarketplaceTests.swift */,
        A20000000000000000000202 /* AgentRoutingCapabilityTests.swift */,
        A20000000000000000000203 /* AgentIOSNativeToolTests.swift */,
        A20000000000000000000204 /* AgentWorkspacePlanTests.swift */,
        A20000000000000000000205 /* AgentTeamDelegationTests.swift */,
        A20000000000000000000206 /* AgentRunPolicyTests.swift */,
        A20000000000000000000207 /* AgentConversationRuntimeTests.swift */,
        A20000000000000000000208 /* AgentMemoryTests.swift */,
        A20000000000000000000209 /* GlobalMemoryTests.swift */,
        A20000000000000000000210 /* GlobalMemoryContextTests.swift */,
        A20000000000000000000211 /* GlobalMemoryEvolutionTests.swift */,
        A20000000000000000000212 /* GlobalMemoryAuditTests.swift */,
        A20000000000000000000213 /* GlobalMemoryEvolutionStoreTests.swift */,
        A20000000000000000000214 /* LocalModelRuntimePreflightTests.swift */,
        A20000000000000000000215 /* LocalModelAcceleratorCapabilityTests.swift */,
        A20000000000000000000216 /* VoiceProviderCapabilityTests.swift */,
        A20000000000000000000217 /* AgentControlPlaneTests.swift */,
        A20000000000000000000218 /* AgentControlPlaneAdapterTests.swift */,
        A20000000000000000000219 /* AgentControlPlaneActionExecutorTests.swift */,
        A20000000000000000000220 /* AgentMediaNetworkPolicyTests.swift */,
        A20000000000000000000221 /* VoiceRealtimeHealthTests.swift */,
        A20000000000000000000222 /* AgentDeviceProfileTests.swift */,
        A20000000000000000000223 /* AgentRuntimeProjectWorkspaceTests.swift */,
        A20000000000000000000224 /* AgentDesktopArtifactHandoffTests.swift */,
        A20000000000000000000225 /* AgentSkillLifecycleTests.swift */,
        A20000000000000000000226 /* AgentSkillExecutionTests.swift */,
        A20000000000000000000227 /* AgentSkillPackageInstallerTests.swift */,
      );
      path = SignalASITests;
      sourceTree = "<group>";
    };
    A40000000000000000000004 /* Products */ = {
      isa = PBXGroup;
      children = (
        A20000000000000000000008 /* SignalASI.app */,
        A20000000000000000000009 /* SignalASITests.xctest */,
      );
      name = Products;
      sourceTree = "<group>";
    };
/* End PBXGroup section */

/* Begin PBXNativeTarget section */
    A50000000000000000000001 /* SignalASI */ = {
      isa = PBXNativeTarget;
      buildConfigurationList = A80000000000000000000002 /* Build configuration list for PBXNativeTarget "SignalASI" */;
      buildPhases = (
        A60000000000000000000001 /* Sources */,
        A30000000000000000000001 /* Frameworks */,
        A70000000000000000000001 /* Resources */,
      );
      buildRules = ();
      dependencies = ();
      name = SignalASI;
      productName = SignalASI;
      productReference = A20000000000000000000008 /* SignalASI.app */;
      productType = "com.apple.product-type.application";
    };
    A50000000000000000000002 /* SignalASITests */ = {
      isa = PBXNativeTarget;
      buildConfigurationList = A80000000000000000000003 /* Build configuration list for PBXNativeTarget "SignalASITests" */;
      buildPhases = (
        A60000000000000000000002 /* Sources */,
        A30000000000000000000002 /* Frameworks */,
        A70000000000000000000002 /* Resources */,
      );
      buildRules = ();
      dependencies = (
        A90000000000000000000001 /* PBXTargetDependency */,
      );
      name = SignalASITests;
      productName = SignalASITests;
      productReference = A20000000000000000000009 /* SignalASITests.xctest */;
      productType = "com.apple.product-type.bundle.unit-test";
    };
/* End PBXNativeTarget section */

/* Begin PBXProject section */
    A00000000000000000000001 /* Project object */ = {
      isa = PBXProject;
      attributes = {
        BuildIndependentTargetsInParallel = 1;
        LastSwiftUpdateCheck = 1600;
        LastUpgradeCheck = 1600;
        TargetAttributes = {
          A50000000000000000000001 = {
            CreatedOnToolsVersion = 16.0;
          };
          A50000000000000000000002 = {
            CreatedOnToolsVersion = 16.0;
            TestTargetID = A50000000000000000000001;
          };
        };
      };
      buildConfigurationList = A80000000000000000000001 /* Build configuration list for PBXProject "SignalASI" */;
      compatibilityVersion = "Xcode 14.0";
      developmentRegion = en;
      hasScannedForEncodings = 0;
      knownRegions = (
        en,
        Base,
      );
      mainGroup = A40000000000000000000001;
      productRefGroup = A40000000000000000000004 /* Products */;
      projectDirPath = "";
      projectRoot = "";
      targets = (
        A50000000000000000000001 /* SignalASI */,
        A50000000000000000000002 /* SignalASITests */,
      );
    };
/* End PBXProject section */

/* Begin PBXResourcesBuildPhase section */
    A70000000000000000000001 /* Resources */ = {isa = PBXResourcesBuildPhase; buildActionMask = 2147483647; files = (); runOnlyForDeploymentPostprocessing = 0; };
    A70000000000000000000002 /* Resources */ = {isa = PBXResourcesBuildPhase; buildActionMask = 2147483647; files = (); runOnlyForDeploymentPostprocessing = 0; };
/* End PBXResourcesBuildPhase section */

/* Begin PBXSourcesBuildPhase section */
    A60000000000000000000001 /* Sources */ = {
      isa = PBXSourcesBuildPhase;
      buildActionMask = 2147483647;
      files = (
        A10000000000000000000001 /* SignalASIModels.swift in Sources */,
        A10000000000000000000101 /* SignalASICoreModels.swift in Sources */,
        A10000000000000000000102 /* AgentNetworkRoutingModels.swift in Sources */,
        A10000000000000000000103 /* AgentTeamDelegationModels.swift in Sources */,
        A10000000000000000000104 /* AgentNativeToolCore.swift in Sources */,
        A10000000000000000000105 /* AgentPhoneNativeTools.swift in Sources */,
        A10000000000000000000106 /* AgentIOSWebMediaNativeTools.swift in Sources */,
        A10000000000000000000107 /* AgentIOSDesktopRemoteTools.swift in Sources */,
        A10000000000000000000108 /* AgentDesktopControlModels.swift in Sources */,
        A10000000000000000000109 /* AgentIOSRuntimeNativeTools.swift in Sources */,
        A10000000000000000000110 /* AgentNativeToolExecutionModels.swift in Sources */,
        A10000000000000000000111 /* AgentObservationModels.swift in Sources */,
        A10000000000000000000112 /* AgentMcpCoreModels.swift in Sources */,
        A10000000000000000000113 /* AgentMcpPackageModels.swift in Sources */,
        A10000000000000000000114 /* AgentMcpSessionModels.swift in Sources */,
        A10000000000000000000115 /* AgentMcpCatalogModels.swift in Sources */,
        A10000000000000000000116 /* AgentWorkspaceModels.swift in Sources */,
        A10000000000000000000117 /* AgentPlanRunModels.swift in Sources */,
        A10000000000000000000118 /* AgentAutomationModels.swift in Sources */,
        A10000000000000000000119 /* AgentConversationModels.swift in Sources */,
        A10000000000000000000120 /* AgentRuntimePackModels.swift in Sources */,
        A10000000000000000000121 /* AgentFailureResponsePolicyModels.swift in Sources */,
        A10000000000000000000122 /* AgentPermissionsBudgetModels.swift in Sources */,
        A10000000000000000000123 /* CustomDeviceHomeModels.swift in Sources */,
        A10000000000000000000124 /* GlobalCapabilityModels.swift in Sources */,
        A10000000000000000000125 /* AgentMemoryModels.swift in Sources */,
        A10000000000000000000126 /* GlobalMemoryModels.swift in Sources */,
        A10000000000000000000127 /* GlobalMemoryContextModels.swift in Sources */,
        A10000000000000000000128 /* GlobalMemoryEvolutionModels.swift in Sources */,
        A10000000000000000000129 /* GlobalMemoryAuditModels.swift in Sources */,
        A10000000000000000000130 /* GlobalMemoryEvolutionStore.swift in Sources */,
        A10000000000000000000131 /* LocalModelRuntimePreflightModels.swift in Sources */,
        A10000000000000000000132 /* LocalModelAcceleratorCapabilities.swift in Sources */,
        A10000000000000000000133 /* VoiceProviderCapabilityModels.swift in Sources */,
        A10000000000000000000134 /* AgentControlPlaneModels.swift in Sources */,
        A10000000000000000000135 /* AgentControlPlaneAdapterModels.swift in Sources */,
        A10000000000000000000136 /* AgentControlPlaneActionExecutorModels.swift in Sources */,
        A10000000000000000000137 /* AgentMediaNetworkPolicyModels.swift in Sources */,
        A10000000000000000000138 /* VoiceRealtimeHealthModels.swift in Sources */,
        A10000000000000000000139 /* AgentDeviceProfileModels.swift in Sources */,
        A10000000000000000000140 /* AgentRuntimeProjectWorkspaceModels.swift in Sources */,
        A10000000000000000000141 /* AgentRichContentModels.swift in Sources */,
        A10000000000000000000142 /* AgentDesktopArtifactModels.swift in Sources */,
        A10000000000000000000143 /* AgentDesktopArtifactActionModels.swift in Sources */,
        A10000000000000000000144 /* AgentRuntimeArtifactUiModels.swift in Sources */,
        A10000000000000000000145 /* AgentSkillLifecycleModels.swift in Sources */,
        A10000000000000000000146 /* AgentSkillExecutionModels.swift in Sources */,
        A10000000000000000000147 /* AgentSkillPackageInstallerModels.swift in Sources */,
        A10000000000000000000014 /* SignalASIContactExchange.swift in Sources */,
        A10000000000000000000010 /* SignalASIAttachments.swift in Sources */,
        A10000000000000000000002 /* SignalASILinkProtocol.swift in Sources */,
        A10000000000000000000008 /* SignalASILinkReliability.swift in Sources */,
        A10000000000000000000012 /* SignalASIBackup.swift in Sources */,
        A10000000000000000000003 /* SignalASIStore.swift in Sources */,
        A10000000000000000000004 /* SignalASIServices.swift in Sources */,
        A10000000000000000000005 /* SignalASIViews.swift in Sources */,
      );
      runOnlyForDeploymentPostprocessing = 0;
    };
    A60000000000000000000002 /* Sources */ = {
      isa = PBXSourcesBuildPhase;
      buildActionMask = 2147483647;
      files = (
        A10000000000000000000011 /* SignalASIAttachmentTests.swift in Sources */,
        A10000000000000000000015 /* SignalASIContactExchangeTests.swift in Sources */,
        A10000000000000000000006 /* SignalASILinkProtocolTests.swift in Sources */,
        A10000000000000000000009 /* SignalASILinkReliabilityTests.swift in Sources */,
        A10000000000000000000013 /* SignalASIBackupTests.swift in Sources */,
        A10000000000000000000007 /* SignalASIStoreTests.swift in Sources */,
        A10000000000000000000201 /* AgentMcpMarketplaceTests.swift in Sources */,
        A10000000000000000000202 /* AgentRoutingCapabilityTests.swift in Sources */,
        A10000000000000000000203 /* AgentIOSNativeToolTests.swift in Sources */,
        A10000000000000000000204 /* AgentWorkspacePlanTests.swift in Sources */,
        A10000000000000000000205 /* AgentTeamDelegationTests.swift in Sources */,
        A10000000000000000000206 /* AgentRunPolicyTests.swift in Sources */,
        A10000000000000000000207 /* AgentConversationRuntimeTests.swift in Sources */,
        A10000000000000000000208 /* AgentMemoryTests.swift in Sources */,
        A10000000000000000000209 /* GlobalMemoryTests.swift in Sources */,
        A10000000000000000000210 /* GlobalMemoryContextTests.swift in Sources */,
        A10000000000000000000211 /* GlobalMemoryEvolutionTests.swift in Sources */,
        A10000000000000000000212 /* GlobalMemoryAuditTests.swift in Sources */,
        A10000000000000000000213 /* GlobalMemoryEvolutionStoreTests.swift in Sources */,
        A10000000000000000000214 /* LocalModelRuntimePreflightTests.swift in Sources */,
        A10000000000000000000215 /* LocalModelAcceleratorCapabilityTests.swift in Sources */,
        A10000000000000000000216 /* VoiceProviderCapabilityTests.swift in Sources */,
        A10000000000000000000217 /* AgentControlPlaneTests.swift in Sources */,
        A10000000000000000000218 /* AgentControlPlaneAdapterTests.swift in Sources */,
        A10000000000000000000219 /* AgentControlPlaneActionExecutorTests.swift in Sources */,
        A10000000000000000000220 /* AgentMediaNetworkPolicyTests.swift in Sources */,
        A10000000000000000000221 /* VoiceRealtimeHealthTests.swift in Sources */,
        A10000000000000000000222 /* AgentDeviceProfileTests.swift in Sources */,
        A10000000000000000000223 /* AgentRuntimeProjectWorkspaceTests.swift in Sources */,
        A10000000000000000000224 /* AgentDesktopArtifactHandoffTests.swift in Sources */,
        A10000000000000000000225 /* AgentSkillLifecycleTests.swift in Sources */,
        A10000000000000000000226 /* AgentSkillExecutionTests.swift in Sources */,
        A10000000000000000000227 /* AgentSkillPackageInstallerTests.swift in Sources */,
      );
      runOnlyForDeploymentPostprocessing = 0;
    };
/* End PBXSourcesBuildPhase section */

/* Begin PBXTargetDependency section */
    A90000000000000000000001 /* PBXTargetDependency */ = {isa = PBXTargetDependency; target = A50000000000000000000001 /* SignalASI */; targetProxy = A90000000000000000000002 /* PBXContainerItemProxy */; };
/* End PBXTargetDependency section */

/* Begin PBXContainerItemProxy section */
    A90000000000000000000002 /* PBXContainerItemProxy */ = {isa = PBXContainerItemProxy; containerPortal = A00000000000000000000001 /* Project object */; proxyType = 1; remoteGlobalIDString = A50000000000000000000001; remoteInfo = SignalASI; };
/* End PBXContainerItemProxy section */

/* Begin XCBuildConfiguration section */
    AA0000000000000000000001 /* Debug */ = {
      isa = XCBuildConfiguration;
      buildSettings = {
        ALWAYS_SEARCH_USER_PATHS = NO;
        CLANG_ANALYZER_NONNULL = YES;
        CLANG_ANALYZER_NUMBER_OBJECT_CONVERSION = YES_AGGRESSIVE;
        CLANG_CXX_LANGUAGE_STANDARD = "gnu++20";
        CLANG_ENABLE_MODULES = YES;
        CLANG_ENABLE_OBJC_ARC = YES;
        CLANG_ENABLE_OBJC_WEAK = YES;
        CLANG_WARN_BLOCK_CAPTURE_AUTORELEASING = YES;
        CLANG_WARN_BOOL_CONVERSION = YES;
        CLANG_WARN_COMMA = YES;
        CLANG_WARN_CONSTANT_CONVERSION = YES;
        CLANG_WARN_DEPRECATED_OBJC_IMPLEMENTATIONS = YES;
        CLANG_WARN_DIRECT_OBJC_ISA_USAGE = YES_ERROR;
        CLANG_WARN_DOCUMENTATION_COMMENTS = YES;
        CLANG_WARN_EMPTY_BODY = YES;
        CLANG_WARN_ENUM_CONVERSION = YES;
        CLANG_WARN_INFINITE_RECURSION = YES;
        CLANG_WARN_INT_CONVERSION = YES;
        CLANG_WARN_NON_LITERAL_NULL_CONVERSION = YES;
        CLANG_WARN_OBJC_IMPLICIT_RETAIN_SELF = YES;
        CLANG_WARN_OBJC_LITERAL_CONVERSION = YES;
        CLANG_WARN_OBJC_ROOT_CLASS = YES_ERROR;
        CLANG_WARN_QUOTED_INCLUDE_IN_FRAMEWORK_HEADER = YES;
        CLANG_WARN_RANGE_LOOP_ANALYSIS = YES;
        CLANG_WARN_STRICT_PROTOTYPES = YES;
        CLANG_WARN_SUSPICIOUS_MOVE = YES;
        CLANG_WARN_UNGUARDED_AVAILABILITY = YES_AGGRESSIVE;
        CLANG_WARN_UNREACHABLE_CODE = YES;
        CLANG_WARN__DUPLICATE_METHOD_MATCH = YES;
        CODE_SIGN_STYLE = Automatic;
        COPY_PHASE_STRIP = NO;
        DEBUG_INFORMATION_FORMAT = dwarf;
        ENABLE_STRICT_OBJC_MSGSEND = YES;
        ENABLE_TESTABILITY = YES;
        GCC_C_LANGUAGE_STANDARD = gnu17;
        GCC_DYNAMIC_NO_PIC = NO;
        GCC_NO_COMMON_BLOCKS = YES;
        GCC_OPTIMIZATION_LEVEL = 0;
        GCC_PREPROCESSOR_DEFINITIONS = (
          "DEBUG=1",
          "$(inherited)",
        );
        GCC_WARN_64_TO_32_BIT_CONVERSION = YES;
        GCC_WARN_ABOUT_RETURN_TYPE = YES_ERROR;
        GCC_WARN_UNDECLARED_SELECTOR = YES;
        GCC_WARN_UNINITIALIZED_AUTOS = YES_AGGRESSIVE;
        GCC_WARN_UNUSED_FUNCTION = YES;
        GCC_WARN_UNUSED_VARIABLE = YES;
        IPHONEOS_DEPLOYMENT_TARGET = 15.0;
        MTL_ENABLE_DEBUG_INFO = INCLUDE_SOURCE;
        MTL_FAST_MATH = YES;
        ONLY_ACTIVE_ARCH = YES;
        SDKROOT = iphoneos;
        SWIFT_ACTIVE_COMPILATION_CONDITIONS = DEBUG;
        SWIFT_OPTIMIZATION_LEVEL = "-Onone";
      };
      name = Debug;
    };
    AA0000000000000000000002 /* Release */ = {
      isa = XCBuildConfiguration;
      buildSettings = {
        ALWAYS_SEARCH_USER_PATHS = NO;
        CLANG_ANALYZER_NONNULL = YES;
        CLANG_ANALYZER_NUMBER_OBJECT_CONVERSION = YES_AGGRESSIVE;
        CLANG_CXX_LANGUAGE_STANDARD = "gnu++20";
        CLANG_ENABLE_MODULES = YES;
        CLANG_ENABLE_OBJC_ARC = YES;
        CLANG_ENABLE_OBJC_WEAK = YES;
        CLANG_WARN_BLOCK_CAPTURE_AUTORELEASING = YES;
        CLANG_WARN_BOOL_CONVERSION = YES;
        CLANG_WARN_COMMA = YES;
        CLANG_WARN_CONSTANT_CONVERSION = YES;
        CLANG_WARN_DEPRECATED_OBJC_IMPLEMENTATIONS = YES;
        CLANG_WARN_DIRECT_OBJC_ISA_USAGE = YES_ERROR;
        CLANG_WARN_DOCUMENTATION_COMMENTS = YES;
        CLANG_WARN_EMPTY_BODY = YES;
        CLANG_WARN_ENUM_CONVERSION = YES;
        CLANG_WARN_INFINITE_RECURSION = YES;
        CLANG_WARN_INT_CONVERSION = YES;
        CLANG_WARN_NON_LITERAL_NULL_CONVERSION = YES;
        CLANG_WARN_OBJC_IMPLICIT_RETAIN_SELF = YES;
        CLANG_WARN_OBJC_LITERAL_CONVERSION = YES;
        CLANG_WARN_OBJC_ROOT_CLASS = YES_ERROR;
        CLANG_WARN_QUOTED_INCLUDE_IN_FRAMEWORK_HEADER = YES;
        CLANG_WARN_RANGE_LOOP_ANALYSIS = YES;
        CLANG_WARN_STRICT_PROTOTYPES = YES;
        CLANG_WARN_SUSPICIOUS_MOVE = YES;
        CLANG_WARN_UNGUARDED_AVAILABILITY = YES_AGGRESSIVE;
        CLANG_WARN_UNREACHABLE_CODE = YES;
        CLANG_WARN__DUPLICATE_METHOD_MATCH = YES;
        CODE_SIGN_STYLE = Automatic;
        COPY_PHASE_STRIP = NO;
        DEBUG_INFORMATION_FORMAT = "dwarf-with-dsym";
        ENABLE_NS_ASSERTIONS = NO;
        ENABLE_STRICT_OBJC_MSGSEND = YES;
        GCC_C_LANGUAGE_STANDARD = gnu17;
        GCC_NO_COMMON_BLOCKS = YES;
        GCC_WARN_64_TO_32_BIT_CONVERSION = YES;
        GCC_WARN_ABOUT_RETURN_TYPE = YES_ERROR;
        GCC_WARN_UNDECLARED_SELECTOR = YES;
        GCC_WARN_UNINITIALIZED_AUTOS = YES_AGGRESSIVE;
        GCC_WARN_UNUSED_FUNCTION = YES;
        GCC_WARN_UNUSED_VARIABLE = YES;
        IPHONEOS_DEPLOYMENT_TARGET = 15.0;
        MTL_ENABLE_DEBUG_INFO = NO;
        MTL_FAST_MATH = YES;
        SDKROOT = iphoneos;
        SWIFT_COMPILATION_MODE = wholemodule;
        VALIDATE_PRODUCT = YES;
      };
      name = Release;
    };
    AA0000000000000000000003 /* Debug */ = {
      isa = XCBuildConfiguration;
      buildSettings = {
        ASSETCATALOG_COMPILER_GLOBAL_ACCENT_COLOR_NAME = AccentColor;
        CODE_SIGN_STYLE = Automatic;
        CURRENT_PROJECT_VERSION = 1;
        DEVELOPMENT_ASSET_PATHS = "";
        DEVELOPMENT_TEAM = "";
        ENABLE_PREVIEWS = YES;
        GENERATE_INFOPLIST_FILE = YES;
        INFOPLIST_KEY_NSCameraUsageDescription = "Scan SignalASI pairing QR codes.";
        INFOPLIST_KEY_NSMicrophoneUsageDescription = "Record voice prompts.";
        INFOPLIST_KEY_NSSpeechRecognitionUsageDescription = "Transcribe voice prompts.";
        INFOPLIST_KEY_UIApplicationSceneManifest_Generation = YES;
        INFOPLIST_KEY_UIApplicationSupportsIndirectInputEvents = YES;
        INFOPLIST_KEY_UILaunchScreen_Generation = YES;
        INFOPLIST_KEY_UISupportedInterfaceOrientations_iPad = "UIInterfaceOrientationPortrait UIInterfaceOrientationPortraitUpsideDown UIInterfaceOrientationLandscapeLeft UIInterfaceOrientationLandscapeRight";
        INFOPLIST_KEY_UISupportedInterfaceOrientations_iPhone = "UIInterfaceOrientationPortrait UIInterfaceOrientationLandscapeLeft UIInterfaceOrientationLandscapeRight";
        IPHONEOS_DEPLOYMENT_TARGET = 15.0;
        LD_RUNPATH_SEARCH_PATHS = (
          "$(inherited)",
          "@executable_path/Frameworks",
        );
        MARKETING_VERSION = 0.1.0;
        PRODUCT_BUNDLE_IDENTIFIER = com.signalasi.chat.ios;
        PRODUCT_NAME = "$(TARGET_NAME)";
        SWIFT_EMIT_LOC_STRINGS = YES;
        SWIFT_VERSION = 5.0;
        TARGETED_DEVICE_FAMILY = "1,2";
      };
      name = Debug;
    };
    AA0000000000000000000004 /* Release */ = {
      isa = XCBuildConfiguration;
      buildSettings = {
        ASSETCATALOG_COMPILER_GLOBAL_ACCENT_COLOR_NAME = AccentColor;
        CODE_SIGN_STYLE = Automatic;
        CURRENT_PROJECT_VERSION = 1;
        DEVELOPMENT_ASSET_PATHS = "";
        DEVELOPMENT_TEAM = "";
        ENABLE_PREVIEWS = YES;
        GENERATE_INFOPLIST_FILE = YES;
        INFOPLIST_KEY_NSCameraUsageDescription = "Scan SignalASI pairing QR codes.";
        INFOPLIST_KEY_NSMicrophoneUsageDescription = "Record voice prompts.";
        INFOPLIST_KEY_NSSpeechRecognitionUsageDescription = "Transcribe voice prompts.";
        INFOPLIST_KEY_UIApplicationSceneManifest_Generation = YES;
        INFOPLIST_KEY_UIApplicationSupportsIndirectInputEvents = YES;
        INFOPLIST_KEY_UILaunchScreen_Generation = YES;
        INFOPLIST_KEY_UISupportedInterfaceOrientations_iPad = "UIInterfaceOrientationPortrait UIInterfaceOrientationPortraitUpsideDown UIInterfaceOrientationLandscapeLeft UIInterfaceOrientationLandscapeRight";
        INFOPLIST_KEY_UISupportedInterfaceOrientations_iPhone = "UIInterfaceOrientationPortrait UIInterfaceOrientationLandscapeLeft UIInterfaceOrientationLandscapeRight";
        IPHONEOS_DEPLOYMENT_TARGET = 15.0;
        LD_RUNPATH_SEARCH_PATHS = (
          "$(inherited)",
          "@executable_path/Frameworks",
        );
        MARKETING_VERSION = 0.1.0;
        PRODUCT_BUNDLE_IDENTIFIER = com.signalasi.chat.ios;
        PRODUCT_NAME = "$(TARGET_NAME)";
        SWIFT_EMIT_LOC_STRINGS = YES;
        SWIFT_VERSION = 5.0;
        TARGETED_DEVICE_FAMILY = "1,2";
      };
      name = Release;
    };
    AA0000000000000000000005 /* Debug */ = {
      isa = XCBuildConfiguration;
      buildSettings = {
        BUNDLE_LOADER = "$(TEST_HOST)";
        CODE_SIGN_STYLE = Automatic;
        CURRENT_PROJECT_VERSION = 1;
        DEVELOPMENT_TEAM = "";
        GENERATE_INFOPLIST_FILE = YES;
        IPHONEOS_DEPLOYMENT_TARGET = 15.0;
        LD_RUNPATH_SEARCH_PATHS = (
          "$(inherited)",
          "@executable_path/Frameworks",
          "@loader_path/Frameworks",
        );
        PRODUCT_BUNDLE_IDENTIFIER = com.signalasi.chat.ios.tests;
        PRODUCT_NAME = "$(TARGET_NAME)";
        SWIFT_VERSION = 5.0;
        TARGETED_DEVICE_FAMILY = "1,2";
        TEST_HOST = "$(BUILT_PRODUCTS_DIR)/SignalASI.app/$(BUNDLE_EXECUTABLE_FOLDER_PATH)/SignalASI";
      };
      name = Debug;
    };
    AA0000000000000000000006 /* Release */ = {
      isa = XCBuildConfiguration;
      buildSettings = {
        BUNDLE_LOADER = "$(TEST_HOST)";
        CODE_SIGN_STYLE = Automatic;
        CURRENT_PROJECT_VERSION = 1;
        DEVELOPMENT_TEAM = "";
        GENERATE_INFOPLIST_FILE = YES;
        IPHONEOS_DEPLOYMENT_TARGET = 15.0;
        LD_RUNPATH_SEARCH_PATHS = (
          "$(inherited)",
          "@executable_path/Frameworks",
          "@loader_path/Frameworks",
        );
        PRODUCT_BUNDLE_IDENTIFIER = com.signalasi.chat.ios.tests;
        PRODUCT_NAME = "$(TARGET_NAME)";
        SWIFT_VERSION = 5.0;
        TARGETED_DEVICE_FAMILY = "1,2";
        TEST_HOST = "$(BUILT_PRODUCTS_DIR)/SignalASI.app/$(BUNDLE_EXECUTABLE_FOLDER_PATH)/SignalASI";
      };
      name = Release;
    };
/* End XCBuildConfiguration section */

/* Begin XCConfigurationList section */
    A80000000000000000000001 /* Build configuration list for PBXProject "SignalASI" */ = {isa = XCConfigurationList; buildConfigurations = (AA0000000000000000000001 /* Debug */, AA0000000000000000000002 /* Release */); defaultConfigurationIsVisible = 0; defaultConfigurationName = Release; };
    A80000000000000000000002 /* Build configuration list for PBXNativeTarget "SignalASI" */ = {isa = XCConfigurationList; buildConfigurations = (AA0000000000000000000003 /* Debug */, AA0000000000000000000004 /* Release */); defaultConfigurationIsVisible = 0; defaultConfigurationName = Release; };
    A80000000000000000000003 /* Build configuration list for PBXNativeTarget "SignalASITests" */ = {isa = XCConfigurationList; buildConfigurations = (AA0000000000000000000005 /* Debug */, AA0000000000000000000006 /* Release */); defaultConfigurationIsVisible = 0; defaultConfigurationName = Release; };
/* End XCConfigurationList section */
  };
  rootObject = A00000000000000000000001 /* Project object */;
}
